{
  "name": "github-readme-sophiabrandt",
  "version": "1.0.0",
  "lockfileVersion": 1,
  "requires": true,
  "dependencies": {
    "argparse": {
      "version": "1.0.10",
      "requires": {
        "sprintf-js": "~1.0.2"
      }
    },
    "entities": {
      "version": "2.0.3"
    },
    "linkify-it": {
      "version": "3.0.2",
      "requires": {
        "uc.micro": "^1.0.1"
      }
    },
    "markdown-it": {
      "version": "11.0.0",
      "requires": {
        "argparse": "^1.0.7",
        "entities": "~2.0.0",
        "linkify-it": "^3.0.1",
        "mdurl": "^1.0.1",
        "uc.micro": "^1.0.5"
      }
    },
    "markdown-it-emoji": {
      "version": "1.4.0"
    },
    "mdurl": {
      "version": "1.0.1"
    },
    "prettier": {
      "version": "2.0.5"
    },
    "rss-parser": {
      "version": "3.8.0",
      "requires": {
        "entities": "^1.1.1",
        "xml2js": "^0.4.19"
      },
      "dependencies": {
        "entities": {
          "version": "1.1.2",
          "resolved": "https://registry.npmjs.org/entities/-/entities-1.1.2.tgz",
          "integrity": "sha512-f2LZMYl1Fzu7YSBKg+RoROelpOaNrcGmE9AZubeDfrCEia483oW4MI4VyFd5VNHIgQ/7qm1I0wUHK1eJnn2y2w=="
        }
      }
    },
    "sax": {
      "version": "1.2.4"
    },
    "sprintf-js": {
      "version": "1.0.3"
    },
    "uc.micro": {
      "version": "1.0.6"
    },
    "xml2js": {
      "version": "0.4.23",
      "requires": {
        "sax": ">=0.6.0",
        "xmlbuilder": "~11.0.0"
      }
    },
    "xmlbuilder": {
      "version": "11.0.1"
    }
  }
}
